
Microsoft Visual Studio Solution File, Format Version 12.00
# Visual Studio Version 16
VisualStudioVersion = 16.0.32602.291
MinimumVisualStudioVersion = 10.0.40219.1
Project("{FAE04EC0-301F-11D3-BF4B-00C04F79EFBC}") = "MvcMovie", "MvcMovie\MvcMovie.csproj", "{1ADC161D-7FEC-4939-8695-0C2B0401FC33}"
EndProject
Global
	GlobalSection(SolutionConfigurationPlatforms) = preSolution
		Debug|Any CPU = Debug|Any CPU
		Release|Any CPU = Release|Any CPU
	EndGlobalSection
	GlobalSection(ProjectConfigurationPlatforms) = postSolution
		{1ADC161D-7FEC-4939-8695-0C2B0401FC33}.Debug|Any CPU.ActiveCfg = Debug|Any CPU
		{1ADC161D-7FEC-4939-8695-0C2B0401FC33}.Debug|Any CPU.Build.0 = Debug|Any CPU
		{1ADC161D-7FEC-4939-8695-0C2B0401FC33}.Release|Any CPU.ActiveCfg = Release|Any CPU
		{1ADC161D-7FEC-4939-8695-0C2B0401FC33}.Release|Any CPU.Build.0 = Release|Any CPU
	EndGlobalSection
	GlobalSection(SolutionProperties) = preSolution
		HideSolutionNode = FALSE
	EndGlobalSection
	GlobalSection(ExtensibilityGlobals) = postSolution
		SolutionGuid = {1662D2A9-E9A8-45FD-A499-65C181F850A3}
	EndGlobalSection
EndGlobal
